
Microsoft Visual Studio Solution File, Format Version 12.00
# Visual Studio Version 17
VisualStudioVersion = 17.11.35303.130
MinimumVisualStudioVersion = 10.0.40219.1
Project("{9A19103F-16F7-4668-BE54-9A1E7A4F7556}") = "SmartVars.Application", "SmartVars.Applications\SmartVars.Application.csproj", "{3D7F3F51-9551-47E6-AFD3-0D3369B576AF}"
EndProject
Project("{9A19103F-16F7-4668-BE54-9A1E7A4F7556}") = "SmartVars.Domain", "SmartVars.Domain\SmartVars.Domain.csproj", "{0806C41B-3C86-481F-85BF-7B554C66C5D8}"
EndProject
Project("{9A19103F-16F7-4668-BE54-9A1E7A4F7556}") = "SmartVars.Infra.Data", "SmartVars.Infra\SmartVars.Infra.Data.csproj", "{190DAD9C-30CD-4AD1-B1CE-2CEE21856100}"
EndProject
Project("{2150E333-8FDC-42A3-9474-1A3956D46DE8}") = "1-Services", "1-Services", "{DCA0721D-9435-475B-8EF6-F56740D17BA2}"
EndProject
Project("{2150E333-8FDC-42A3-9474-1A3956D46DE8}") = "2-Applicatios", "2-Applicatios", "{071135EE-6A32-42DD-A4FE-815ABE006C66}"
EndProject
Project("{2150E333-8FDC-42A3-9474-1A3956D46DE8}") = "3-Domain", "3-Domain", "{13D2C454-62E2-4A47-822A-9DF312269D4C}"
EndProject
Project("{2150E333-8FDC-42A3-9474-1A3956D46DE8}") = "4-Infra", "4-Infra", "{DACD29C9-1287-4A1A-A9EB-662628202075}"
EndProject
Project("{2150E333-8FDC-42A3-9474-1A3956D46DE8}") = "SRC", "SRC", "{C502FC9D-7762-4FBC-9421-FEDE81754BDC}"
EndProject
Project("{9A19103F-16F7-4668-BE54-9A1E7A4F7556}") = "SmartVars.Infra.IoC", "SmartVars.Infra.IoC\SmartVars.Infra.IoC.csproj", "{20F8D517-8BF5-4517-A548-100E21259462}"
EndProject
Project("{9A19103F-16F7-4668-BE54-9A1E7A4F7556}") = "SmartVarsController", "SmartVarsController.Services\SmartVarsController.csproj", "{A5E25DF7-6CF5-46FF-AB86-B7DC596C372B}"
EndProject
Project("{FAE04EC0-301F-11D3-BF4B-00C04F79EFBC}") = "SmartVars.Infra.Http", "SmartVars.Infra.Http\SmartVars.Infra.Http\SmartVars.Infra.Http.csproj", "{F9B0B6AF-714E-4C95-ACB0-303743F5DA7B}"
EndProject
Global
	GlobalSection(SolutionConfigurationPlatforms) = preSolution
		Debug|Any CPU = Debug|Any CPU
		Release|Any CPU = Release|Any CPU
	EndGlobalSection
	GlobalSection(ProjectConfigurationPlatforms) = postSolution
		{3D7F3F51-9551-47E6-AFD3-0D3369B576AF}.Debug|Any CPU.ActiveCfg = Debug|Any CPU
		{3D7F3F51-9551-47E6-AFD3-0D3369B576AF}.Debug|Any CPU.Build.0 = Debug|Any CPU
		{3D7F3F51-9551-47E6-AFD3-0D3369B576AF}.Release|Any CPU.ActiveCfg = Release|Any CPU
		{3D7F3F51-9551-47E6-AFD3-0D3369B576AF}.Release|Any CPU.Build.0 = Release|Any CPU
		{0806C41B-3C86-481F-85BF-7B554C66C5D8}.Debug|Any CPU.ActiveCfg = Debug|Any CPU
		{0806C41B-3C86-481F-85BF-7B554C66C5D8}.Debug|Any CPU.Build.0 = Debug|Any CPU
		{0806C41B-3C86-481F-85BF-7B554C66C5D8}.Release|Any CPU.ActiveCfg = Release|Any CPU
		{0806C41B-3C86-481F-85BF-7B554C66C5D8}.Release|Any CPU.Build.0 = Release|Any CPU
		{190DAD9C-30CD-4AD1-B1CE-2CEE21856100}.Debug|Any CPU.ActiveCfg = Debug|Any CPU
		{190DAD9C-30CD-4AD1-B1CE-2CEE21856100}.Debug|Any CPU.Build.0 = Debug|Any CPU
		{190DAD9C-30CD-4AD1-B1CE-2CEE21856100}.Release|Any CPU.ActiveCfg = Release|Any CPU
		{190DAD9C-30CD-4AD1-B1CE-2CEE21856100}.Release|Any CPU.Build.0 = Release|Any CPU
		{20F8D517-8BF5-4517-A548-100E21259462}.Debug|Any CPU.ActiveCfg = Debug|Any CPU
		{20F8D517-8BF5-4517-A548-100E21259462}.Debug|Any CPU.Build.0 = Debug|Any CPU
		{20F8D517-8BF5-4517-A548-100E21259462}.Release|Any CPU.ActiveCfg = Release|Any CPU
		{20F8D517-8BF5-4517-A548-100E21259462}.Release|Any CPU.Build.0 = Release|Any CPU
		{A5E25DF7-6CF5-46FF-AB86-B7DC596C372B}.Debug|Any CPU.ActiveCfg = Debug|Any CPU
		{A5E25DF7-6CF5-46FF-AB86-B7DC596C372B}.Debug|Any CPU.Build.0 = Debug|Any CPU
		{A5E25DF7-6CF5-46FF-AB86-B7DC596C372B}.Release|Any CPU.ActiveCfg = Release|Any CPU
		{A5E25DF7-6CF5-46FF-AB86-B7DC596C372B}.Release|Any CPU.Build.0 = Release|Any CPU
		{F9B0B6AF-714E-4C95-ACB0-303743F5DA7B}.Debug|Any CPU.ActiveCfg = Debug|Any CPU
		{F9B0B6AF-714E-4C95-ACB0-303743F5DA7B}.Debug|Any CPU.Build.0 = Debug|Any CPU
		{F9B0B6AF-714E-4C95-ACB0-303743F5DA7B}.Release|Any CPU.ActiveCfg = Release|Any CPU
		{F9B0B6AF-714E-4C95-ACB0-303743F5DA7B}.Release|Any CPU.Build.0 = Release|Any CPU
	EndGlobalSection
	GlobalSection(SolutionProperties) = preSolution
		HideSolutionNode = FALSE
	EndGlobalSection
	GlobalSection(NestedProjects) = preSolution
		{3D7F3F51-9551-47E6-AFD3-0D3369B576AF} = {071135EE-6A32-42DD-A4FE-815ABE006C66}
		{0806C41B-3C86-481F-85BF-7B554C66C5D8} = {13D2C454-62E2-4A47-822A-9DF312269D4C}
		{190DAD9C-30CD-4AD1-B1CE-2CEE21856100} = {DACD29C9-1287-4A1A-A9EB-662628202075}
		{DCA0721D-9435-475B-8EF6-F56740D17BA2} = {C502FC9D-7762-4FBC-9421-FEDE81754BDC}
		{071135EE-6A32-42DD-A4FE-815ABE006C66} = {C502FC9D-7762-4FBC-9421-FEDE81754BDC}
		{13D2C454-62E2-4A47-822A-9DF312269D4C} = {C502FC9D-7762-4FBC-9421-FEDE81754BDC}
		{DACD29C9-1287-4A1A-A9EB-662628202075} = {C502FC9D-7762-4FBC-9421-FEDE81754BDC}
		{20F8D517-8BF5-4517-A548-100E21259462} = {DACD29C9-1287-4A1A-A9EB-662628202075}
		{A5E25DF7-6CF5-46FF-AB86-B7DC596C372B} = {DCA0721D-9435-475B-8EF6-F56740D17BA2}
		{F9B0B6AF-714E-4C95-ACB0-303743F5DA7B} = {DACD29C9-1287-4A1A-A9EB-662628202075}
	EndGlobalSection
	GlobalSection(ExtensibilityGlobals) = postSolution
		SolutionGuid = {F7591C36-74A1-4056-95D0-4BD4D7D24B28}
	EndGlobalSection
EndGlobal
